{
    "_readme": [
        "This file locks the dependencies of your project to a known state",
        "Read more about it at https://getcomposer.org/doc/01-basic-usage.md#composer-lock-the-lock-file",
        "This file is @generated automatically"
    ],
    "hash": "60c0c751f97934c9c08dc185a819053e",
    "content-hash": "8c3ba111b238e06c5e69a4db10ffd4ad",
    "packages": [
        {
            "name": "beberlei/assert",
            "version": "v2.6.7",
            "source": {
                "type": "git",
                "url": "https://github.com/beberlei/assert.git",
                "reference": "2b4c9249a7ceef51402d39bd797aae16cfd8f36f"
            },
            "dist": {
                "type": "zip",
                "url": "https://api.github.com/repos/beberlei/assert/zipball/2b4c9249a7ceef51402d39bd797aae16cfd8f36f",
                "reference": "2b4c9249a7ceef51402d39bd797aae16cfd8f36f",
                "shasum": ""
            },
            "require": {
                "ext-mbstring": "*",
                "php": ">=5.3"
            },
            "require-dev": {
                "friendsofphp/php-cs-fixer": "2.0.0-alpha",
                "phpunit/phpunit": "@stable"
            },
            "type": "library",
            "autoload": {
                "psr-0": {
                    "Assert": "lib/"
                },
                "files": [
                    "lib/Assert/functions.php"
                ]
            },
            "notification-url": "https://packagist.org/downloads/",
            "license": [
                "BSD-2-Clause"
            ],
            "authors": [
                {
                    "name": "Benjamin Eberlei",
                    "email": "kontakt@beberlei.de",
                    "role": "Lead Developer"
                },
                {
                    "name": "Richard Quadling",
                    "email": "rquadling@gmail.com",
                    "role": "Collaborator"
                }
            ],
            "description": "Thin assertion library for input validation in business models.",
            "keywords": [
                "assert",
                "assertion",
                "validation"
            ],
            "time": "2016-11-14 16:46:13"
        },
        {
            "name": "bernard/bernard",
            "version": "dev-master",
            "source": {
                "type": "git",
                "url": "https://github.com/cfrutos/bernard.git",
                "reference": "49f36a66e45e0bf2411eb8bfee6aa769f22eea3d"
            },
            "dist": {
                "type": "zip",
                "url": "https://api.github.com/repos/cfrutos/bernard/zipball/49f36a66e45e0bf2411eb8bfee6aa769f22eea3d",
                "reference": "49f36a66e45e0bf2411eb8bfee6aa769f22eea3d",
                "shasum": ""
            },
            "require": {
                "beberlei/assert": "~2.1",
                "bernard/normalt": "~1.0",
                "php": "~5.4|~7.0",
                "symfony/event-dispatcher": "~2.3|~3.0"
            },
            "require-dev": {
                "aws/aws-sdk-php": "~2.4|~3.0",
                "doctrine/dbal": "~2.3",
                "iron-io/iron_mq": "~1.4",
                "league/container": "~1.0",
                "pda/pheanstalk": "~3.0",
                "php-amqplib/php-amqplib": "~2.5",
                "phpspec/phpspec": "~2.0",
                "pimple/pimple": "~1.0",
                "predis/predis": "~0.8",
                "psr/log": "~1.0",
                "symfony/console": "~2.3|~3.0",
                "symfony/dependency-injection": "~2.3|~3.0"
            },
            "suggest": {
                "aws/aws-sdk-php": "Allow sending messages to AWS services like Simple Queue Service",
                "doctrine/dbal": "Allow sending messages to simulated message queue in a database via doctrine dbal",
                "iron-io/iron_mq": "Allow sending messages to IronMQ",
                "mongodb/mongodb": "Allow sending messages to a MongoDB server via PHP Driver",
                "pda/pheanstalk": "Allow sending messages to Beanstalk using pheanstalk",
                "php-amqplib/php-amqplib": "Allow sending messages to an AMQP server using php-amqplib",
                "predis/predis": "Allow sending messages to Redis using predis"
            },
            "type": "library",
            "extra": {
                "branch-alias": {
                    "dev-master": "1.0.x-dev"
                }
            },
            "autoload": {
                "psr-4": {
                    "Bernard\\": "src/"
                }
            },
            "autoload-dev": {
                "psr-4": {
                    "Bernard\\Tests\\": "tests/"
                }
            },
            "license": [
                "MIT"
            ],
            "description": "Message queue implemented in PHP with Redis as a backend.",
            "homepage": "https://github.com/bernardphp/bernard",
            "keywords": [
                "bernard",
                "message",
                "message queue",
                "queue"
            ],
            "support": {
                "source": "https://github.com/cfrutos/bernard/tree/delayed-1.0"
            },
            "time": "2016-10-10 12:35:54"
        },
        {
            "name": "bernard/normalt",
            "version": "1.1.0",
            "source": {
                "type": "git",
                "url": "https://github.com/bernardphp/normalt.git",
                "reference": "1cde16b1a2a5a20964c3e2fea66e2b98c3f57d41"
            },
            "dist": {
                "type": "zip",
                "url": "https://api.github.com/repos/bernardphp/normalt/zipball/1cde16b1a2a5a20964c3e2fea66e2b98c3f57d41",
                "reference": "1cde16b1a2a5a20964c3e2fea66e2b98c3f57d41",
                "shasum": ""
            },
            "require": {
                "symfony/serializer": "^2.3 || ^3.0"
            },
            "require-dev": {
                "doctrine/common": "^2.1",
                "phpspec/phpspec": "^2.5"
            },
            "type": "library",
            "extra": {
                "branch-alias": {
                    "dev-master": "1.1-dev"
                }
            },
            "autoload": {
                "psr-4": {
                    "Normalt\\": "src/"
                }
            },
            "notification-url": "https://packagist.org/downloads/",
            "license": [
                "MIT"
            ],
            "description": "Normalt is a extension to Symfony Serializer that only implements the Normalization part",
            "keywords": [
                "denormalization",
                "normalization"
            ],
            "time": "2016-05-03 08:09:59"
        },
        {
            "name": "misterion/ko-process",
            "version": "v0.5.3",
            "source": {
                "type": "git",
                "url": "https://github.com/misterion/ko-process.git",
                "reference": "943e1f9034a330c334cf99ebb4336e806c2ec1d2"
            },
            "dist": {
                "type": "zip",
                "url": "https://api.github.com/repos/misterion/ko-process/zipball/943e1f9034a330c334cf99ebb4336e806c2ec1d2",
                "reference": "943e1f9034a330c334cf99ebb4336e806c2ec1d2",
                "shasum": ""
            },
            "require": {
                "php": ">=5.4.0"
            },
            "require-dev": {
                "php-mock/php-mock-phpunit": "0.2",
                "phpunit/phpunit": "~4.0.0"
            },
            "suggest": {
                "ext-pcntl": "*",
                "ext-posix": "*",
                "ext-proctitle": "*",
                "ext-sysvsem": "Required for using the Semaphore class",
                "ext-sysvshm": "Required for using the SharedMemory class"
            },
            "type": "library",
            "autoload": {
                "psr-0": {
                    "Ko": "src"
                }
            },
            "notification-url": "https://packagist.org/downloads/",
            "license": [
                "MIT"
            ],
            "authors": [
                {
                    "name": "Nikolay Bondarenko",
                    "email": "misterionkell@gmail.com"
                }
            ],
            "description": "Simple pcntl fork wrapper and process manager",
            "homepage": "https://github.com/misterion/ko-process",
            "keywords": [
                "AMQP",
                "Thread",
                "background",
                "cli",
                "exit_code",
                "fork",
                "pcntl",
                "posix",
                "semaphore",
                "shared memory",
                "signal",
                "utility"
            ],
            "time": "2016-04-04 14:02:48"
        },
        {
            "name": "symfony/event-dispatcher",
            "version": "v3.1.7",
            "source": {
                "type": "git",
                "url": "https://github.com/symfony/event-dispatcher.git",
                "reference": "28b0832b2553ffb80cabef6a7a812ff1e670c0bc"
            },
            "dist": {
                "type": "zip",
                "url": "https://api.github.com/repos/symfony/event-dispatcher/zipball/28b0832b2553ffb80cabef6a7a812ff1e670c0bc",
                "reference": "28b0832b2553ffb80cabef6a7a812ff1e670c0bc",
                "shasum": ""
            },
            "require": {
                "php": ">=5.5.9"
            },
            "require-dev": {
                "psr/log": "~1.0",
                "symfony/config": "~2.8|~3.0",
                "symfony/dependency-injection": "~2.8|~3.0",
                "symfony/expression-language": "~2.8|~3.0",
                "symfony/stopwatch": "~2.8|~3.0"
            },
            "suggest": {
                "symfony/dependency-injection": "",
                "symfony/http-kernel": ""
            },
            "type": "library",
            "extra": {
                "branch-alias": {
                    "dev-master": "3.1-dev"
                }
            },
            "autoload": {
                "psr-4": {
                    "Symfony\\Component\\EventDispatcher\\": ""
                },
                "exclude-from-classmap": [
                    "/Tests/"
                ]
            },
            "notification-url": "https://packagist.org/downloads/",
            "license": [
                "MIT"
            ],
            "authors": [
                {
                    "name": "Fabien Potencier",
                    "email": "fabien@symfony.com"
                },
                {
                    "name": "Symfony Community",
                    "homepage": "https://symfony.com/contributors"
                }
            ],
            "description": "Symfony EventDispatcher Component",
            "homepage": "https://symfony.com",
            "time": "2016-10-13 06:28:43"
        },
        {
            "name": "symfony/serializer",
            "version": "v3.1.7",
            "source": {
                "type": "git",
                "url": "https://github.com/symfony/serializer.git",
                "reference": "e57bb526736d4df8b1a1a998026aefe92f10d780"
            },
            "dist": {
                "type": "zip",
                "url": "https://api.github.com/repos/symfony/serializer/zipball/e57bb526736d4df8b1a1a998026aefe92f10d780",
                "reference": "e57bb526736d4df8b1a1a998026aefe92f10d780",
                "shasum": ""
            },
            "require": {
                "php": ">=5.5.9"
            },
            "conflict": {
                "symfony/property-access": ">=3.0,<3.0.4|>=2.8,<2.8.4"
            },
            "require-dev": {
                "doctrine/annotations": "~1.0",
                "doctrine/cache": "~1.0",
                "phpdocumentor/reflection-docblock": "~3.0",
                "symfony/cache": "~3.1",
                "symfony/config": "~2.8|~3.0",
                "symfony/http-foundation": "~2.8|~3.0",
                "symfony/property-access": "~2.8|~3.0",
                "symfony/property-info": "~3.1",
                "symfony/yaml": "~2.8|~3.0"
            },
            "suggest": {
                "doctrine/annotations": "For using the annotation mapping. You will also need doctrine/cache.",
                "doctrine/cache": "For using the default cached annotation reader and metadata cache.",
                "psr/cache-implementation": "For using the metadata cache.",
                "symfony/config": "For using the XML mapping loader.",
                "symfony/http-foundation": "To use the DataUriNormalizer.",
                "symfony/property-access": "For using the ObjectNormalizer.",
                "symfony/property-info": "To deserialize relations.",
                "symfony/yaml": "For using the default YAML mapping loader."
            },
            "type": "library",
            "extra": {
                "branch-alias": {
                    "dev-master": "3.1-dev"
                }
            },
            "autoload": {
                "psr-4": {
                    "Symfony\\Component\\Serializer\\": ""
                },
                "exclude-from-classmap": [
                    "/Tests/"
                ]
            },
            "notification-url": "https://packagist.org/downloads/",
            "license": [
                "MIT"
            ],
            "authors": [
                {
                    "name": "Fabien Potencier",
                    "email": "fabien@symfony.com"
                },
                {
                    "name": "Symfony Community",
                    "homepage": "https://symfony.com/contributors"
                }
            ],
            "description": "Symfony Serializer Component",
            "homepage": "https://symfony.com",
            "time": "2016-11-15 07:36:22"
        }
    ],
    "packages-dev": [
        {
            "name": "hamcrest/hamcrest-php",
            "version": "v1.2.2",
            "source": {
                "type": "git",
                "url": "https://github.com/hamcrest/hamcrest-php.git",
                "reference": "b37020aa976fa52d3de9aa904aa2522dc518f79c"
            },
            "dist": {
                "type": "zip",
                "url": "https://api.github.com/repos/hamcrest/hamcrest-php/zipball/b37020aa976fa52d3de9aa904aa2522dc518f79c",
                "reference": "b37020aa976fa52d3de9aa904aa2522dc518f79c",
                "shasum": ""
            },
            "require": {
                "php": ">=5.3.2"
            },
            "replace": {
                "cordoval/hamcrest-php": "*",
                "davedevelopment/hamcrest-php": "*",
                "kodova/hamcrest-php": "*"
            },
            "require-dev": {
                "phpunit/php-file-iterator": "1.3.3",
                "satooshi/php-coveralls": "dev-master"
            },
            "type": "library",
            "autoload": {
                "classmap": [
                    "hamcrest"
                ],
                "files": [
                    "hamcrest/Hamcrest.php"
                ]
            },
            "notification-url": "https://packagist.org/downloads/",
            "license": [
                "BSD"
            ],
            "description": "This is the PHP port of Hamcrest Matchers",
            "keywords": [
                "test"
            ],
            "time": "2015-05-11 14:41:42"
        },
        {
            "name": "mockery/mockery",
            "version": "0.9.6",
            "source": {
                "type": "git",
                "url": "https://github.com/padraic/mockery.git",
                "reference": "65d4ca18e15cb02eeb1e5336f884e46b9b905be0"
            },
            "dist": {
                "type": "zip",
                "url": "https://api.github.com/repos/padraic/mockery/zipball/65d4ca18e15cb02eeb1e5336f884e46b9b905be0",
                "reference": "65d4ca18e15cb02eeb1e5336f884e46b9b905be0",
                "shasum": ""
            },
            "require": {
                "hamcrest/hamcrest-php": "~1.1",
                "lib-pcre": ">=7.0",
                "php": ">=5.3.2"
            },
            "require-dev": {
                "phpunit/phpunit": "~4.0"
            },
            "type": "library",
            "extra": {
                "branch-alias": {
                    "dev-master": "0.9.x-dev"
                }
            },
            "autoload": {
                "psr-0": {
                    "Mockery": "library/"
                }
            },
            "notification-url": "https://packagist.org/downloads/",
            "license": [
                "BSD-3-Clause"
            ],
            "authors": [
                {
                    "name": "Pádraic Brady",
                    "email": "padraic.brady@gmail.com",
                    "homepage": "http://blog.astrumfutura.com"
                },
                {
                    "name": "Dave Marshall",
                    "email": "dave.marshall@atstsolutions.co.uk",
                    "homepage": "http://davedevelopment.co.uk"
                }
            ],
            "description": "Mockery is a simple yet flexible PHP mock object framework for use in unit testing with PHPUnit, PHPSpec or any other testing framework. Its core goal is to offer a test double framework with a succinct API capable of clearly defining all possible object operations and interactions using a human readable Domain Specific Language (DSL). Designed as a drop in alternative to PHPUnit's phpunit-mock-objects library, Mockery is easy to integrate with PHPUnit and can operate alongside phpunit-mock-objects without the World ending.",
            "homepage": "http://github.com/padraic/mockery",
            "keywords": [
                "BDD",
                "TDD",
                "library",
                "mock",
                "mock objects",
                "mockery",
                "stub",
                "test",
                "test double",
                "testing"
            ],
            "time": "2016-09-30 12:09:40"
        }
    ],
    "aliases": [],
    "minimum-stability": "stable",
    "stability-flags": {
        "bernard/bernard": 20
    },
    "prefer-stable": false,
    "prefer-lowest": false,
    "platform": [],
    "platform-dev": []
}
